
Microsoft Visual Studio Solution File, Format Version 12.00
# Visual Studio Version 17
VisualStudioVersion = 17.4.33403.182
MinimumVisualStudioVersion = 10.0.40219.1
Project("{FAE04EC0-301F-11D3-BF4B-00C04F79EFBC}") = "Fluorography", "Fluorography\Fluorography.csproj", "{2D7E3D4C-6E56-4667-B445-868EEBD3CA43}"
EndProject
Project("{FAE04EC0-301F-11D3-BF4B-00C04F79EFBC}") = "UnitTestProject1", "UnitTestProject1\UnitTestProject1.csproj", "{9429CC1D-B401-4663-A7D8-DBBA8C513522}"
EndProject
Global
	GlobalSection(SolutionConfigurationPlatforms) = preSolution
		Debug|Any CPU = Debug|Any CPU
		Release|Any CPU = Release|Any CPU
	EndGlobalSection
	GlobalSection(ProjectConfigurationPlatforms) = postSolution
		{2D7E3D4C-6E56-4667-B445-868EEBD3CA43}.Debug|Any CPU.ActiveCfg = Debug|Any CPU
		{2D7E3D4C-6E56-4667-B445-868EEBD3CA43}.Debug|Any CPU.Build.0 = Debug|Any CPU
		{2D7E3D4C-6E56-4667-B445-868EEBD3CA43}.Release|Any CPU.ActiveCfg = Release|Any CPU
		{2D7E3D4C-6E56-4667-B445-868EEBD3CA43}.Release|Any CPU.Build.0 = Release|Any CPU
		{9429CC1D-B401-4663-A7D8-DBBA8C513522}.Debug|Any CPU.ActiveCfg = Debug|Any CPU
		{9429CC1D-B401-4663-A7D8-DBBA8C513522}.Debug|Any CPU.Build.0 = Debug|Any CPU
		{9429CC1D-B401-4663-A7D8-DBBA8C513522}.Release|Any CPU.ActiveCfg = Release|Any CPU
		{9429CC1D-B401-4663-A7D8-DBBA8C513522}.Release|Any CPU.Build.0 = Release|Any CPU
	EndGlobalSection
	GlobalSection(SolutionProperties) = preSolution
		HideSolutionNode = FALSE
	EndGlobalSection
	GlobalSection(ExtensibilityGlobals) = postSolution
		SolutionGuid = {F26C97A9-D5BE-4543-8561-D3D590907E77}
	EndGlobalSection
EndGlobal
